// !$*UTF8*$!
{
	archiveVersion = 1;
	classes = {
	};
	objectVersion = 50;
	objects = {

/* Begin PBXBuildFile section */
		3775708F263E42AA0089BDA5 /* States.swift in Sources */ = {isa = PBXBuildFile; fileRef = 3775708E263E42AA0089BDA5 /* States.swift */; };
		37757093263E43620089BDA5 /* StateResponseParser.swift in Sources */ = {isa = PBXBuildFile; fileRef = 37757092263E43620089BDA5 /* StateResponseParser.swift */; };
		37757097263E44080089BDA5 /* Parseable.swift in Sources */ = {isa = PBXBuildFile; fileRef = 37757096263E44080089BDA5 /* Parseable.swift */; };
		3775709A263E44B50089BDA5 /* LocationAPIClient.swift in Sources */ = {isa = PBXBuildFile; fileRef = 37757099263E44B50089BDA5 /* LocationAPIClient.swift */; };
		3775709D263E44C90089BDA5 /* GenericNetworkClient.swift in Sources */ = {isa = PBXBuildFile; fileRef = 3775709C263E44C90089BDA5 /* GenericNetworkClient.swift */; };
		377570A0263E54180089BDA5 /* District.swift in Sources */ = {isa = PBXBuildFile; fileRef = 3775709F263E54180089BDA5 /* District.swift */; };
		377570A3263E547D0089BDA5 /* DistrictResponseParser.swift in Sources */ = {isa = PBXBuildFile; fileRef = 377570A2263E547D0089BDA5 /* DistrictResponseParser.swift */; };
		377570A7263EF32A0089BDA5 /* Extensions.swift in Sources */ = {isa = PBXBuildFile; fileRef = 377570A6263EF32A0089BDA5 /* Extensions.swift */; };
		3776063B263D8C8200A3E55F /* AppDelegate.swift in Sources */ = {isa = PBXBuildFile; fileRef = 3776063A263D8C8200A3E55F /* AppDelegate.swift */; };
		3776063D263D8C8300A3E55F /* SceneDelegate.swift in Sources */ = {isa = PBXBuildFile; fileRef = 3776063C263D8C8300A3E55F /* SceneDelegate.swift */; };
		3776063F263D8C8300A3E55F /* MainViewController.swift in Sources */ = {isa = PBXBuildFile; fileRef = 3776063E263D8C8300A3E55F /* MainViewController.swift */; };
		37760642263D8C8300A3E55F /* Main.storyboard in Resources */ = {isa = PBXBuildFile; fileRef = 37760640263D8C8300A3E55F /* Main.storyboard */; };
		37760644263D8CA600A3E55F /* Assets.xcassets in Resources */ = {isa = PBXBuildFile; fileRef = 37760643263D8CA600A3E55F /* Assets.xcassets */; };
		37760647263D8CA600A3E55F /* LaunchScreen.storyboard in Resources */ = {isa = PBXBuildFile; fileRef = 37760645263D8CA600A3E55F /* LaunchScreen.storyboard */; };
		37760650263D8DE500A3E55F /* TimerScheduler.swift in Sources */ = {isa = PBXBuildFile; fileRef = 3776064F263D8DE500A3E55F /* TimerScheduler.swift */; };
		37760653263D8F7800A3E55F /* Model.swift in Sources */ = {isa = PBXBuildFile; fileRef = 37760652263D8F7800A3E55F /* Model.swift */; };
		37760656263D920300A3E55F /* AppointmentResponseParser.swift in Sources */ = {isa = PBXBuildFile; fileRef = 37760655263D920300A3E55F /* AppointmentResponseParser.swift */; };
		37760659263D929200A3E55F /* AppointmentValidtor.swift in Sources */ = {isa = PBXBuildFile; fileRef = 37760658263D929200A3E55F /* AppointmentValidtor.swift */; };
		3776065C263D983A00A3E55F /* ApiClient.swift in Sources */ = {isa = PBXBuildFile; fileRef = 3776065B263D983A00A3E55F /* ApiClient.swift */; };
		3776065F263D9A7200A3E55F /* AppointmentNotifier.swift in Sources */ = {isa = PBXBuildFile; fileRef = 3776065E263D9A7200A3E55F /* AppointmentNotifier.swift */; };
		37760663263D9BF300A3E55F /* AppointmentCentre.swift in Sources */ = {isa = PBXBuildFile; fileRef = 37760662263D9BF300A3E55F /* AppointmentCentre.swift */; };
		378913D5263DA68100D66A92 /* Response.json in Resources */ = {isa = PBXBuildFile; fileRef = 378913D4263DA68100D66A92 /* Response.json */; };
		378913D8263DAAB200D66A92 /* APIParams.swift in Sources */ = {isa = PBXBuildFile; fileRef = 378913D7263DAAB200D66A92 /* APIParams.swift */; };
		378913E7263DC19D00D66A92 /* ChildViewcontroller.swift in Sources */ = {isa = PBXBuildFile; fileRef = 378913E6263DC19D00D66A92 /* ChildViewcontroller.swift */; };
		378913EB263DC1B100D66A92 /* customView.swift in Sources */ = {isa = PBXBuildFile; fileRef = 378913EA263DC1B100D66A92 /* customView.swift */; };
		3789140D263DDEE200D66A92 /* Constants.swift in Sources */ = {isa = PBXBuildFile; fileRef = 3789140C263DDEE200D66A92 /* Constants.swift */; };
		37891414263DE65F00D66A92 /* ConfigViewController.swift in Sources */ = {isa = PBXBuildFile; fileRef = 37891413263DE65F00D66A92 /* ConfigViewController.swift */; };
		37891419263DEB2C00D66A92 /* PreferenceManager.swift in Sources */ = {isa = PBXBuildFile; fileRef = 37891418263DEB2C00D66A92 /* PreferenceManager.swift */; };
		3789141C263E002700D66A92 /* AlarmController.swift in Sources */ = {isa = PBXBuildFile; fileRef = 3789141B263E002700D66A92 /* AlarmController.swift */; };
/* End PBXBuildFile section */

/* Begin PBXFileReference section */
		3775708E263E42AA0089BDA5 /* States.swift */ = {isa = PBXFileReference; lastKnownFileType = sourcecode.swift; path = States.swift; sourceTree = "<group>"; };
		37757092263E43620089BDA5 /* StateResponseParser.swift */ = {isa = PBXFileReference; lastKnownFileType = sourcecode.swift; path = StateResponseParser.swift; sourceTree = "<group>"; };
		37757096263E44080089BDA5 /* Parseable.swift */ = {isa = PBXFileReference; lastKnownFileType = sourcecode.swift; path = Parseable.swift; sourceTree = "<group>"; };
		37757099263E44B50089BDA5 /* LocationAPIClient.swift */ = {isa = PBXFileReference; lastKnownFileType = sourcecode.swift; path = LocationAPIClient.swift; sourceTree = "<group>"; };
		3775709C263E44C90089BDA5 /* GenericNetworkClient.swift */ = {isa = PBXFileReference; lastKnownFileType = sourcecode.swift; path = GenericNetworkClient.swift; sourceTree = "<group>"; };
		3775709F263E54180089BDA5 /* District.swift */ = {isa = PBXFileReference; lastKnownFileType = sourcecode.swift; path = District.swift; sourceTree = "<group>"; };
		377570A2263E547D0089BDA5 /* DistrictResponseParser.swift */ = {isa = PBXFileReference; lastKnownFileType = sourcecode.swift; path = DistrictResponseParser.swift; sourceTree = "<group>"; };
		377570A6263EF32A0089BDA5 /* Extensions.swift */ = {isa = PBXFileReference; lastKnownFileType = sourcecode.swift; path = Extensions.swift; sourceTree = "<group>"; };
		37760637263D8C8200A3E55F /* BookMyVaccine.app */ = {isa = PBXFileReference; explicitFileType = wrapper.application; includeInIndex = 0; path = BookMyVaccine.app; sourceTree = BUILT_PRODUCTS_DIR; };
		3776063A263D8C8200A3E55F /* AppDelegate.swift */ = {isa = PBXFileReference; lastKnownFileType = sourcecode.swift; path = AppDelegate.swift; sourceTree = "<group>"; };
		3776063C263D8C8300A3E55F /* SceneDelegate.swift */ = {isa = PBXFileReference; lastKnownFileType = sourcecode.swift; path = SceneDelegate.swift; sourceTree = "<group>"; };
		3776063E263D8C8300A3E55F /* MainViewController.swift */ = {isa = PBXFileReference; lastKnownFileType = sourcecode.swift; path = MainViewController.swift; sourceTree = "<group>"; };
		37760641263D8C8300A3E55F /* Base */ = {isa = PBXFileReference; lastKnownFileType = file.storyboard; name = Base; path = Base.lproj/Main.storyboard; sourceTree = "<group>"; };
		37760643263D8CA600A3E55F /* Assets.xcassets */ = {isa = PBXFileReference; lastKnownFileType = folder.assetcatalog; path = Assets.xcassets; sourceTree = "<group>"; };
		37760646263D8CA600A3E55F /* Base */ = {isa = PBXFileReference; lastKnownFileType = file.storyboard; name = Base; path = Base.lproj/LaunchScreen.storyboard; sourceTree = "<group>"; };
		37760648263D8CA600A3E55F /* Info.plist */ = {isa = PBXFileReference; lastKnownFileType = text.plist.xml; path = Info.plist; sourceTree = "<group>"; };
		3776064F263D8DE500A3E55F /* TimerScheduler.swift */ = {isa = PBXFileReference; lastKnownFileType = sourcecode.swift; path = TimerScheduler.swift; sourceTree = "<group>"; };
		37760652263D8F7800A3E55F /* Model.swift */ = {isa = PBXFileReference; lastKnownFileType = sourcecode.swift; path = Model.swift; sourceTree = "<group>"; };
		37760655263D920300A3E55F /* AppointmentResponseParser.swift */ = {isa = PBXFileReference; lastKnownFileType = sourcecode.swift; path = AppointmentResponseParser.swift; sourceTree = "<group>"; };
		37760658263D929200A3E55F /* AppointmentValidtor.swift */ = {isa = PBXFileReference; lastKnownFileType = sourcecode.swift; path = AppointmentValidtor.swift; sourceTree = "<group>"; };
		3776065B263D983A00A3E55F /* ApiClient.swift */ = {isa = PBXFileReference; lastKnownFileType = sourcecode.swift; path = ApiClient.swift; sourceTree = "<group>"; };
		3776065E263D9A7200A3E55F /* AppointmentNotifier.swift */ = {isa = PBXFileReference; lastKnownFileType = sourcecode.swift; path = AppointmentNotifier.swift; sourceTree = "<group>"; };
		37760662263D9BF300A3E55F /* AppointmentCentre.swift */ = {isa = PBXFileReference; lastKnownFileType = sourcecode.swift; path = AppointmentCentre.swift; sourceTree = "<group>"; };
		378913D4263DA68100D66A92 /* Response.json */ = {isa = PBXFileReference; lastKnownFileType = text.json; path = Response.json; sourceTree = "<group>"; };
		378913D7263DAAB200D66A92 /* APIParams.swift */ = {isa = PBXFileReference; lastKnownFileType = sourcecode.swift; path = APIParams.swift; sourceTree = "<group>"; };
		378913E6263DC19D00D66A92 /* ChildViewcontroller.swift */ = {isa = PBXFileReference; fileEncoding = 4; lastKnownFileType = sourcecode.swift; path = ChildViewcontroller.swift; sourceTree = "<group>"; };
		378913EA263DC1B100D66A92 /* customView.swift */ = {isa = PBXFileReference; lastKnownFileType = sourcecode.swift; path = customView.swift; sourceTree = "<group>"; };
		3789140C263DDEE200D66A92 /* Constants.swift */ = {isa = PBXFileReference; lastKnownFileType = sourcecode.swift; path = Constants.swift; sourceTree = "<group>"; };
		37891413263DE65F00D66A92 /* ConfigViewController.swift */ = {isa = PBXFileReference; lastKnownFileType = sourcecode.swift; path = ConfigViewController.swift; sourceTree = "<group>"; };
		37891418263DEB2C00D66A92 /* PreferenceManager.swift */ = {isa = PBXFileReference; lastKnownFileType = sourcecode.swift; path = PreferenceManager.swift; sourceTree = "<group>"; };
		3789141B263E002700D66A92 /* AlarmController.swift */ = {isa = PBXFileReference; lastKnownFileType = sourcecode.swift; path = AlarmController.swift; sourceTree = "<group>"; };
/* End PBXFileReference section */

/* Begin PBXFrameworksBuildPhase section */
		37760634263D8C8200A3E55F /* Frameworks */ = {
			isa = PBXFrameworksBuildPhase;
			buildActionMask = 2147483647;
			files = (
			);
			runOnlyForDeploymentPostprocessing = 0;
		};
/* End PBXFrameworksBuildPhase section */

/* Begin PBXGroup section */
		37757091263E432E0089BDA5 /* SearchByDistrict */ = {
			isa = PBXGroup;
			children = (
			);
			path = SearchByDistrict;
			sourceTree = "<group>";
		};
		377570A5263EF31F0089BDA5 /* Common */ = {
			isa = PBXGroup;
			children = (
				377570A6263EF32A0089BDA5 /* Extensions.swift */,
			);
			path = Common;
			sourceTree = "<group>";
		};
		3776062E263D8C8200A3E55F = {
			isa = PBXGroup;
			children = (
				37760639263D8C8200A3E55F /* BookMyVaccine */,
				37760638263D8C8200A3E55F /* Products */,
			);
			sourceTree = "<group>";
		};
		37760638263D8C8200A3E55F /* Products */ = {
			isa = PBXGroup;
			children = (
				37760637263D8C8200A3E55F /* BookMyVaccine.app */,
			);
			name = Products;
			sourceTree = "<group>";
		};
		37760639263D8C8200A3E55F /* BookMyVaccine */ = {
			isa = PBXGroup;
			children = (
				37891412263DE64A00D66A92 /* Scenes */,
				378913E5263DC19C00D66A92 /* Views */,
				37760665263DA33B00A3E55F /* Core Files */,
				3776063A263D8C8200A3E55F /* AppDelegate.swift */,
				3776063C263D8C8300A3E55F /* SceneDelegate.swift */,
				37760640263D8C8300A3E55F /* Main.storyboard */,
				37760643263D8CA600A3E55F /* Assets.xcassets */,
				37760645263D8CA600A3E55F /* LaunchScreen.storyboard */,
				37760648263D8CA600A3E55F /* Info.plist */,
				378913D4263DA68100D66A92 /* Response.json */,
			);
			path = BookMyVaccine;
			sourceTree = "<group>";
		};
		37760665263DA33B00A3E55F /* Core Files */ = {
			isa = PBXGroup;
			children = (
				377570A5263EF31F0089BDA5 /* Common */,
				37760669263DA38300A3E55F /* Appointment Centre */,
				37760667263DA38300A3E55F /* Model */,
				37760668263DA38300A3E55F /* Network */,
				3776066A263DA38400A3E55F /* Notifier */,
				37760666263DA38300A3E55F /* Parser */,
				3776066B263DA38400A3E55F /* Validation */,
				37891418263DEB2C00D66A92 /* PreferenceManager.swift */,
			);
			path = "Core Files";
			sourceTree = "<group>";
		};
		37760666263DA38300A3E55F /* Parser */ = {
			isa = PBXGroup;
			children = (
				37760655263D920300A3E55F /* AppointmentResponseParser.swift */,
				37757092263E43620089BDA5 /* StateResponseParser.swift */,
				37757096263E44080089BDA5 /* Parseable.swift */,
				377570A2263E547D0089BDA5 /* DistrictResponseParser.swift */,
			);
			path = Parser;
			sourceTree = "<group>";
		};
		37760667263DA38300A3E55F /* Model */ = {
			isa = PBXGroup;
			children = (
				37760652263D8F7800A3E55F /* Model.swift */,
				3775708E263E42AA0089BDA5 /* States.swift */,
				3775709F263E54180089BDA5 /* District.swift */,
			);
			path = Model;
			sourceTree = "<group>";
		};
		37760668263DA38300A3E55F /* Network */ = {
			isa = PBXGroup;
			children = (
				378913D7263DAAB200D66A92 /* APIParams.swift */,
				3776065B263D983A00A3E55F /* ApiClient.swift */,
				37757099263E44B50089BDA5 /* LocationAPIClient.swift */,
				3775709C263E44C90089BDA5 /* GenericNetworkClient.swift */,
			);
			path = Network;
			sourceTree = "<group>";
		};
		37760669263DA38300A3E55F /* Appointment Centre */ = {
			isa = PBXGroup;
			children = (
				3776064F263D8DE500A3E55F /* TimerScheduler.swift */,
				37760662263D9BF300A3E55F /* AppointmentCentre.swift */,
				3789140C263DDEE200D66A92 /* Constants.swift */,
			);
			path = "Appointment Centre";
			sourceTree = "<group>";
		};
		3776066A263DA38400A3E55F /* Notifier */ = {
			isa = PBXGroup;
			children = (
				3776065E263D9A7200A3E55F /* AppointmentNotifier.swift */,
				3789141B263E002700D66A92 /* AlarmController.swift */,
			);
			path = Notifier;
			sourceTree = "<group>";
		};
		3776066B263DA38400A3E55F /* Validation */ = {
			isa = PBXGroup;
			children = (
				37760658263D929200A3E55F /* AppointmentValidtor.swift */,
			);
			path = Validation;
			sourceTree = "<group>";
		};
		378913E5263DC19C00D66A92 /* Views */ = {
			isa = PBXGroup;
			children = (
				378913E6263DC19D00D66A92 /* ChildViewcontroller.swift */,
				378913EA263DC1B100D66A92 /* customView.swift */,
			);
			path = Views;
			sourceTree = "<group>";
		};
		37891412263DE64A00D66A92 /* Scenes */ = {
			isa = PBXGroup;
			children = (
				37757091263E432E0089BDA5 /* SearchByDistrict */,
				37891413263DE65F00D66A92 /* ConfigViewController.swift */,
				3776063E263D8C8300A3E55F /* MainViewController.swift */,
			);
			path = Scenes;
			sourceTree = "<group>";
		};
/* End PBXGroup section */

/* Begin PBXNativeTarget section */
		37760636263D8C8200A3E55F /* BookMyVaccine */ = {
			isa = PBXNativeTarget;
			buildConfigurationList = 3776064B263D8CA600A3E55F /* Build configuration list for PBXNativeTarget "BookMyVaccine" */;
			buildPhases = (
				37760633263D8C8200A3E55F /* Sources */,
				37760634263D8C8200A3E55F /* Frameworks */,
				37760635263D8C8200A3E55F /* Resources */,
			);
			buildRules = (
			);
			dependencies = (
			);
			name = BookMyVaccine;
			productName = BookMyVaccine;
			productReference = 37760637263D8C8200A3E55F /* BookMyVaccine.app */;
			productType = "com.apple.product-type.application";
		};
/* End PBXNativeTarget section */

/* Begin PBXProject section */
		3776062F263D8C8200A3E55F /* Project object */ = {
			isa = PBXProject;
			attributes = {
				LastSwiftUpdateCheck = 1240;
				LastUpgradeCheck = 1240;
				TargetAttributes = {
					37760636263D8C8200A3E55F = {
						CreatedOnToolsVersion = 12.4;
					};
				};
			};
			buildConfigurationList = 37760632263D8C8200A3E55F /* Build configuration list for PBXProject "BookMyVaccine" */;
			compatibilityVersion = "Xcode 9.3";
			developmentRegion = en;
			hasScannedForEncodings = 0;
			knownRegions = (
				en,
				Base,
			);
			mainGroup = 3776062E263D8C8200A3E55F;
			productRefGroup = 37760638263D8C8200A3E55F /* Products */;
			projectDirPath = "";
			projectRoot = "";
			targets = (
				37760636263D8C8200A3E55F /* BookMyVaccine */,
			);
		};
/* End PBXProject section */

/* Begin PBXResourcesBuildPhase section */
		37760635263D8C8200A3E55F /* Resources */ = {
			isa = PBXResourcesBuildPhase;
			buildActionMask = 2147483647;
			files = (
				378913D5263DA68100D66A92 /* Response.json in Resources */,
				37760647263D8CA600A3E55F /* LaunchScreen.storyboard in Resources */,
				37760644263D8CA600A3E55F /* Assets.xcassets in Resources */,
				37760642263D8C8300A3E55F /* Main.storyboard in Resources */,
			);
			runOnlyForDeploymentPostprocessing = 0;
		};
/* End PBXResourcesBuildPhase section */

/* Begin PBXSourcesBuildPhase section */
		37760633263D8C8200A3E55F /* Sources */ = {
			isa = PBXSourcesBuildPhase;
			buildActionMask = 2147483647;
			files = (
				37760663263D9BF300A3E55F /* AppointmentCentre.swift in Sources */,
				377570A3263E547D0089BDA5 /* DistrictResponseParser.swift in Sources */,
				3775709D263E44C90089BDA5 /* GenericNetworkClient.swift in Sources */,
				378913D8263DAAB200D66A92 /* APIParams.swift in Sources */,
				37760653263D8F7800A3E55F /* Model.swift in Sources */,
				3776063F263D8C8300A3E55F /* MainViewController.swift in Sources */,
				3776063B263D8C8200A3E55F /* AppDelegate.swift in Sources */,
				3775709A263E44B50089BDA5 /* LocationAPIClient.swift in Sources */,
				378913EB263DC1B100D66A92 /* customView.swift in Sources */,
				3776065F263D9A7200A3E55F /* AppointmentNotifier.swift in Sources */,
				3776065C263D983A00A3E55F /* ApiClient.swift in Sources */,
				37891414263DE65F00D66A92 /* ConfigViewController.swift in Sources */,
				37757097263E44080089BDA5 /* Parseable.swift in Sources */,
				37760659263D929200A3E55F /* AppointmentValidtor.swift in Sources */,
				3776063D263D8C8300A3E55F /* SceneDelegate.swift in Sources */,
				37760650263D8DE500A3E55F /* TimerScheduler.swift in Sources */,
				37757093263E43620089BDA5 /* StateResponseParser.swift in Sources */,
				3789141C263E002700D66A92 /* AlarmController.swift in Sources */,
				37891419263DEB2C00D66A92 /* PreferenceManager.swift in Sources */,
				377570A0263E54180089BDA5 /* District.swift in Sources */,
				377570A7263EF32A0089BDA5 /* Extensions.swift in Sources */,
				3789140D263DDEE200D66A92 /* Constants.swift in Sources */,
				3775708F263E42AA0089BDA5 /* States.swift in Sources */,
				378913E7263DC19D00D66A92 /* ChildViewcontroller.swift in Sources */,
				37760656263D920300A3E55F /* AppointmentResponseParser.swift in Sources */,
			);
			runOnlyForDeploymentPostprocessing = 0;
		};
/* End PBXSourcesBuildPhase section */

/* Begin PBXVariantGroup section */
		37760640263D8C8300A3E55F /* Main.storyboard */ = {
			isa = PBXVariantGroup;
			children = (
				37760641263D8C8300A3E55F /* Base */,
			);
			name = Main.storyboard;
			sourceTree = "<group>";
		};
		37760645263D8CA600A3E55F /* LaunchScreen.storyboard */ = {
			isa = PBXVariantGroup;
			children = (
				37760646263D8CA600A3E55F /* Base */,
			);
			name = LaunchScreen.storyboard;
			sourceTree = "<group>";
		};
/* End PBXVariantGroup section */

/* Begin XCBuildConfiguration section */
		37760649263D8CA600A3E55F /* Debug */ = {
			isa = XCBuildConfiguration;
			buildSettings = {
				ALWAYS_SEARCH_USER_PATHS = NO;
				CLANG_ANALYZER_NONNULL = YES;
				CLANG_ANALYZER_NUMBER_OBJECT_CONVERSION = YES_AGGRESSIVE;
				CLANG_CXX_LANGUAGE_STANDARD = "gnu++14";
				CLANG_CXX_LIBRARY = "libc++";
				CLANG_ENABLE_MODULES = YES;
				CLANG_ENABLE_OBJC_ARC = YES;
				CLANG_ENABLE_OBJC_WEAK = YES;
				CLANG_WARN_BLOCK_CAPTURE_AUTORELEASING = YES;
				CLANG_WARN_BOOL_CONVERSION = YES;
				CLANG_WARN_COMMA = YES;
				CLANG_WARN_CONSTANT_CONVERSION = YES;
				CLANG_WARN_DEPRECATED_OBJC_IMPLEMENTATIONS = YES;
				CLANG_WARN_DIRECT_OBJC_ISA_USAGE = YES_ERROR;
				CLANG_WARN_DOCUMENTATION_COMMENTS = YES;
				CLANG_WARN_EMPTY_BODY = YES;
				CLANG_WARN_ENUM_CONVERSION = YES;
				CLANG_WARN_INFINITE_RECURSION = YES;
				CLANG_WARN_INT_CONVERSION = YES;
				CLANG_WARN_NON_LITERAL_NULL_CONVERSION = YES;
				CLANG_WARN_OBJC_IMPLICIT_RETAIN_SELF = YES;
				CLANG_WARN_OBJC_LITERAL_CONVERSION = YES;
				CLANG_WARN_OBJC_ROOT_CLASS = YES_ERROR;
				CLANG_WARN_QUOTED_INCLUDE_IN_FRAMEWORK_HEADER = YES;
				CLANG_WARN_RANGE_LOOP_ANALYSIS = YES;
				CLANG_WARN_STRICT_PROTOTYPES = YES;
				CLANG_WARN_SUSPICIOUS_MOVE = YES;
				CLANG_WARN_UNGUARDED_AVAILABILITY = YES_AGGRESSIVE;
				CLANG_WARN_UNREACHABLE_CODE = YES;
				CLANG_WARN__DUPLICATE_METHOD_MATCH = YES;
				COPY_PHASE_STRIP = NO;
				DEBUG_INFORMATION_FORMAT = dwarf;
				ENABLE_STRICT_OBJC_MSGSEND = YES;
				ENABLE_TESTABILITY = YES;
				GCC_C_LANGUAGE_STANDARD = gnu11;
				GCC_DYNAMIC_NO_PIC = NO;
				GCC_NO_COMMON_BLOCKS = YES;
				GCC_OPTIMIZATION_LEVEL = 0;
				GCC_PREPROCESSOR_DEFINITIONS = (
					"DEBUG=1",
					"$(inherited)",
				);
				GCC_WARN_64_TO_32_BIT_CONVERSION = YES;
				GCC_WARN_ABOUT_RETURN_TYPE = YES_ERROR;
				GCC_WARN_UNDECLARED_SELECTOR = YES;
				GCC_WARN_UNINITIALIZED_AUTOS = YES_AGGRESSIVE;
				GCC_WARN_UNUSED_FUNCTION = YES;
				GCC_WARN_UNUSED_VARIABLE = YES;
				IPHONEOS_DEPLOYMENT_TARGET = 14.4;
				MTL_ENABLE_DEBUG_INFO = INCLUDE_SOURCE;
				MTL_FAST_MATH = YES;
				ONLY_ACTIVE_ARCH = YES;
				SDKROOT = iphoneos;
				SWIFT_ACTIVE_COMPILATION_CONDITIONS = DEBUG;
				SWIFT_OPTIMIZATION_LEVEL = "-Onone";
			};
			name = Debug;
		};
		3776064A263D8CA600A3E55F /* Release */ = {
			isa = XCBuildConfiguration;
			buildSettings = {
				ALWAYS_SEARCH_USER_PATHS = NO;
				CLANG_ANALYZER_NONNULL = YES;
				CLANG_ANALYZER_NUMBER_OBJECT_CONVERSION = YES_AGGRESSIVE;
				CLANG_CXX_LANGUAGE_STANDARD = "gnu++14";
				CLANG_CXX_LIBRARY = "libc++";
				CLANG_ENABLE_MODULES = YES;
				CLANG_ENABLE_OBJC_ARC = YES;
				CLANG_ENABLE_OBJC_WEAK = YES;
				CLANG_WARN_BLOCK_CAPTURE_AUTORELEASING = YES;
				CLANG_WARN_BOOL_CONVERSION = YES;
				CLANG_WARN_COMMA = YES;
				CLANG_WARN_CONSTANT_CONVERSION = YES;
				CLANG_WARN_DEPRECATED_OBJC_IMPLEMENTATIONS = YES;
				CLANG_WARN_DIRECT_OBJC_ISA_USAGE = YES_ERROR;
				CLANG_WARN_DOCUMENTATION_COMMENTS = YES;
				CLANG_WARN_EMPTY_BODY = YES;
				CLANG_WARN_ENUM_CONVERSION = YES;
				CLANG_WARN_INFINITE_RECURSION = YES;
				CLANG_WARN_INT_CONVERSION = YES;
				CLANG_WARN_NON_LITERAL_NULL_CONVERSION = YES;
				CLANG_WARN_OBJC_IMPLICIT_RETAIN_SELF = YES;
				CLANG_WARN_OBJC_LITERAL_CONVERSION = YES;
				CLANG_WARN_OBJC_ROOT_CLASS = YES_ERROR;
				CLANG_WARN_QUOTED_INCLUDE_IN_FRAMEWORK_HEADER = YES;
				CLANG_WARN_RANGE_LOOP_ANALYSIS = YES;
				CLANG_WARN_STRICT_PROTOTYPES = YES;
				CLANG_WARN_SUSPICIOUS_MOVE = YES;
				CLANG_WARN_UNGUARDED_AVAILABILITY = YES_AGGRESSIVE;
				CLANG_WARN_UNREACHABLE_CODE = YES;
				CLANG_WARN__DUPLICATE_METHOD_MATCH = YES;
				COPY_PHASE_STRIP = NO;
				DEBUG_INFORMATION_FORMAT = "dwarf-with-dsym";
				ENABLE_NS_ASSERTIONS = NO;
				ENABLE_STRICT_OBJC_MSGSEND = YES;
				GCC_C_LANGUAGE_STANDARD = gnu11;
				GCC_NO_COMMON_BLOCKS = YES;
				GCC_WARN_64_TO_32_BIT_CONVERSION = YES;
				GCC_WARN_ABOUT_RETURN_TYPE = YES_ERROR;
				GCC_WARN_UNDECLARED_SELECTOR = YES;
				GCC_WARN_UNINITIALIZED_AUTOS = YES_AGGRESSIVE;
				GCC_WARN_UNUSED_FUNCTION = YES;
				GCC_WARN_UNUSED_VARIABLE = YES;
				IPHONEOS_DEPLOYMENT_TARGET = 14.4;
				MTL_ENABLE_DEBUG_INFO = NO;
				MTL_FAST_MATH = YES;
				SDKROOT = iphoneos;
				SWIFT_COMPILATION_MODE = wholemodule;
				SWIFT_OPTIMIZATION_LEVEL = "-O";
				VALIDATE_PRODUCT = YES;
			};
			name = Release;
		};
		3776064C263D8CA600A3E55F /* Debug */ = {
			isa = XCBuildConfiguration;
			buildSettings = {
				ASSETCATALOG_COMPILER_APPICON_NAME = AppIcon;
				ASSETCATALOG_COMPILER_GLOBAL_ACCENT_COLOR_NAME = AccentColor;
				CODE_SIGN_IDENTITY = "iPhone Developer";
				CODE_SIGN_STYLE = Manual;
				DEVELOPMENT_TEAM = B4X8EQS24E;
				INFOPLIST_FILE = BookMyVaccine/Info.plist;
				LD_RUNPATH_SEARCH_PATHS = (
					"$(inherited)",
					"@executable_path/Frameworks",
				);
				PRODUCT_BUNDLE_IDENTIFIER = to.talk.goto;
				PRODUCT_NAME = "$(TARGET_NAME)";
				PROVISIONING_PROFILE_SPECIFIER = "match Development to.talk.goto";
				SWIFT_VERSION = 5.0;
				TARGETED_DEVICE_FAMILY = "1,2";
			};
			name = Debug;
		};
		3776064D263D8CA600A3E55F /* Release */ = {
			isa = XCBuildConfiguration;
			buildSettings = {
				ASSETCATALOG_COMPILER_APPICON_NAME = AppIcon;
				ASSETCATALOG_COMPILER_GLOBAL_ACCENT_COLOR_NAME = AccentColor;
				CODE_SIGN_IDENTITY = "iPhone Developer";
				CODE_SIGN_STYLE = Manual;
				DEVELOPMENT_TEAM = B4X8EQS24E;
				INFOPLIST_FILE = BookMyVaccine/Info.plist;
				LD_RUNPATH_SEARCH_PATHS = (
					"$(inherited)",
					"@executable_path/Frameworks",
				);
				PRODUCT_BUNDLE_IDENTIFIER = to.talk.goto;
				PRODUCT_NAME = "$(TARGET_NAME)";
				PROVISIONING_PROFILE_SPECIFIER = "match Development to.talk.goto";
				SWIFT_VERSION = 5.0;
				TARGETED_DEVICE_FAMILY = "1,2";
			};
			name = Release;
		};
/* End XCBuildConfiguration section */

/* Begin XCConfigurationList section */
		37760632263D8C8200A3E55F /* Build configuration list for PBXProject "BookMyVaccine" */ = {
			isa = XCConfigurationList;
			buildConfigurations = (
				37760649263D8CA600A3E55F /* Debug */,
				3776064A263D8CA600A3E55F /* Release */,
			);
			defaultConfigurationIsVisible = 0;
			defaultConfigurationName = Release;
		};
		3776064B263D8CA600A3E55F /* Build configuration list for PBXNativeTarget "BookMyVaccine" */ = {
			isa = XCConfigurationList;
			buildConfigurations = (
				3776064C263D8CA600A3E55F /* Debug */,
				3776064D263D8CA600A3E55F /* Release */,
			);
			defaultConfigurationIsVisible = 0;
			defaultConfigurationName = Release;
		};
/* End XCConfigurationList section */
	};
	rootObject = 3776062F263D8C8200A3E55F /* Project object */;
}
